
Microsoft Visual Studio Solution File, Format Version 12.00
# Visual Studio Version 17
VisualStudioVersion = 17.14.36518.9
MinimumVisualStudioVersion = 10.0.40219.1
Project("{FAE04EC0-301F-11D3-BF4B-00C04F79EFBC}") = "KarpineRfid.App", "KarpineRfid.App\KarpineRfid.App.csproj", "{9E67DE58-CF7E-495B-A680-692091A85978}"
EndProject
Project("{FAE04EC0-301F-11D3-BF4B-00C04F79EFBC}") = "KarpineRfid.API", "KarpineRfid.API\KarpineRfid.API.csproj", "{136E853A-EA37-4699-8A89-81B23DA50515}"
EndProject
Global
	GlobalSection(SolutionConfigurationPlatforms) = preSolution
		Debug|Any CPU = Debug|Any CPU
		Release|Any CPU = Release|Any CPU
	EndGlobalSection
	GlobalSection(ProjectConfigurationPlatforms) = postSolution
		{9E67DE58-CF7E-495B-A680-692091A85978}.Debug|Any CPU.ActiveCfg = Debug|Any CPU
		{9E67DE58-CF7E-495B-A680-692091A85978}.Debug|Any CPU.Build.0 = Debug|Any CPU
		{9E67DE58-CF7E-495B-A680-692091A85978}.Release|Any CPU.ActiveCfg = Release|Any CPU
		{9E67DE58-CF7E-495B-A680-692091A85978}.Release|Any CPU.Build.0 = Release|Any CPU
		{136E853A-EA37-4699-8A89-81B23DA50515}.Debug|Any CPU.ActiveCfg = Debug|Any CPU
		{136E853A-EA37-4699-8A89-81B23DA50515}.Debug|Any CPU.Build.0 = Debug|Any CPU
		{136E853A-EA37-4699-8A89-81B23DA50515}.Release|Any CPU.ActiveCfg = Release|Any CPU
		{136E853A-EA37-4699-8A89-81B23DA50515}.Release|Any CPU.Build.0 = Release|Any CPU
	EndGlobalSection
	GlobalSection(SolutionProperties) = preSolution
		HideSolutionNode = FALSE
	EndGlobalSection
	GlobalSection(ExtensibilityGlobals) = postSolution
		SolutionGuid = {7BE152A8-7F7F-423E-9E6D-8FE58F931A7C}
	EndGlobalSection
EndGlobal
